{
  "name": "kpc",
  "version": "0.1.2",
  "lockfileVersion": 1,
  "requires": true,
  "dependencies": {
    "vdt": {
      "version": "1.2.4",
      "resolved": "https://registry.npmjs.org/vdt/-/vdt-1.2.4.tgz",
      "integrity": "sha512-zJudokMzqIq//QziE807Id5mDIWdLDzd/oP8YX7UxicGCqS2cnGCIvXKIv3/WtIsJ37Wpa/XFqufjhcYNr17bg==",
      "dev": true
    }
  }
}
