{
  "name": "kpc-vue",
  "version": "1.3.4",
  "lockfileVersion": 1,
  "requires": true,
  "dependencies": {
    "intact-vue": {
      "version": "0.5.5",
      "resolved": "https://registry.npmjs.org/intact-vue/-/intact-vue-0.5.5.tgz",
      "integrity": "sha512-NTxmZG9+rj7Zv1inF7PWZBqO0ZTms80SqLfvrVuFwr+EKqtDAEGUZOlKVoTr1O7FUTURE8O/5hAubpzF82Jwow=="
    }
  }
}
